
Microsoft Visual Studio Solution File, Format Version 12.00
# Visual Studio Version 16
VisualStudioVersion = 16.0.32106.194
MinimumVisualStudioVersion = 10.0.40219.1
Project("{9A19103F-16F7-4668-BE54-9A1E7A4F7556}") = "HelperLand", "HelperLand.csproj", "{BC37496C-D304-44B7-B368-2F9AA7E20352}"
EndProject
Global
	GlobalSection(SolutionConfigurationPlatforms) = preSolution
		Debug|Any CPU = Debug|Any CPU
		Release|Any CPU = Release|Any CPU
	EndGlobalSection
	GlobalSection(ProjectConfigurationPlatforms) = postSolution
		{BC37496C-D304-44B7-B368-2F9AA7E20352}.Debug|Any CPU.ActiveCfg = Debug|Any CPU
		{BC37496C-D304-44B7-B368-2F9AA7E20352}.Debug|Any CPU.Build.0 = Debug|Any CPU
		{BC37496C-D304-44B7-B368-2F9AA7E20352}.Release|Any CPU.ActiveCfg = Release|Any CPU
		{BC37496C-D304-44B7-B368-2F9AA7E20352}.Release|Any CPU.Build.0 = Release|Any CPU
	EndGlobalSection
	GlobalSection(SolutionProperties) = preSolution
		HideSolutionNode = FALSE
	EndGlobalSection
	GlobalSection(ExtensibilityGlobals) = postSolution
		SolutionGuid = {33B16E17-2A75-46E9-87EA-04522DCE6EE4}
	EndGlobalSection
EndGlobal
